// !$*UTF8*$!
{
	archiveVersion = 1;
	classes = {
	};
	objectVersion = 46;
	objects = {

/* Begin PBXBuildFile section */
		67CB91521A40CE700041DB26 /* main.m in Sources */ = {isa = PBXBuildFile; fileRef = 67CB91511A40CE700041DB26 /* main.m */; };
		67CB91551A40CE710041DB26 /* AppDelegate.m in Sources */ = {isa = PBXBuildFile; fileRef = 67CB91541A40CE710041DB26 /* AppDelegate.m */; };
		67CB91581A40CE710041DB26 /* MyKitchenBook.xcdatamodeld in Sources */ = {isa = PBXBuildFile; fileRef = 67CB91561A40CE710041DB26 /* MyKitchenBook.xcdatamodeld */; };
		67CB915B1A40CE710041DB26 /* ViewController.m in Sources */ = {isa = PBXBuildFile; fileRef = 67CB915A1A40CE710041DB26 /* ViewController.m */; };
		67CB915E1A40CE710041DB26 /* Main.storyboard in Resources */ = {isa = PBXBuildFile; fileRef = 67CB915C1A40CE710041DB26 /* Main.storyboard */; };
		67CB91601A40CE710041DB26 /* Images.xcassets in Resources */ = {isa = PBXBuildFile; fileRef = 67CB915F1A40CE710041DB26 /* Images.xcassets */; };
		67CB916F1A40CE710041DB26 /* MyKitchenBookTests.m in Sources */ = {isa = PBXBuildFile; fileRef = 67CB916E1A40CE710041DB26 /* MyKitchenBookTests.m */; };
/* End PBXBuildFile section */

/* Begin PBXContainerItemProxy section */
		67CB91691A40CE710041DB26 /* PBXContainerItemProxy */ = {
			isa = PBXContainerItemProxy;
			containerPortal = 67CB91441A40CE700041DB26 /* Project object */;
			proxyType = 1;
			remoteGlobalIDString = 67CB914B1A40CE700041DB26;
			remoteInfo = MyKitchenBook;
		};
/* End PBXContainerItemProxy section */

/* Begin PBXFileReference section */
		67CB914C1A40CE700041DB26 /* KitchenBook.app */ = {isa = PBXFileReference; explicitFileType = wrapper.application; includeInIndex = 0; path = KitchenBook.app; sourceTree = BUILT_PRODUCTS_DIR; };
		67CB91501A40CE700041DB26 /* Info.plist */ = {isa = PBXFileReference; lastKnownFileType = text.plist.xml; path = Info.plist; sourceTree = "<group>"; };
		67CB91511A40CE700041DB26 /* main.m */ = {isa = PBXFileReference; lastKnownFileType = sourcecode.c.objc; path = main.m; sourceTree = "<group>"; };
		67CB91531A40CE700041DB26 /* AppDelegate.h */ = {isa = PBXFileReference; lastKnownFileType = sourcecode.c.h; path = AppDelegate.h; sourceTree = "<group>"; };
		67CB91541A40CE710041DB26 /* AppDelegate.m */ = {isa = PBXFileReference; lastKnownFileType = sourcecode.c.objc; path = AppDelegate.m; sourceTree = "<group>"; };
		67CB91571A40CE710041DB26 /* MyKitchenBook.xcdatamodel */ = {isa = PBXFileReference; lastKnownFileType = wrapper.xcdatamodel; path = MyKitchenBook.xcdatamodel; sourceTree = "<group>"; };
		67CB91591A40CE710041DB26 /* ViewController.h */ = {isa = PBXFileReference; lastKnownFileType = sourcecode.c.h; path = ViewController.h; sourceTree = "<group>"; };
		67CB915A1A40CE710041DB26 /* ViewController.m */ = {isa = PBXFileReference; lastKnownFileType = sourcecode.c.objc; path = ViewController.m; sourceTree = "<group>"; };
		67CB915D1A40CE710041DB26 /* Base */ = {isa = PBXFileReference; lastKnownFileType = file.storyboard; name = Base; path = Base.lproj/Main.storyboard; sourceTree = "<group>"; };
		67CB915F1A40CE710041DB26 /* Images.xcassets */ = {isa = PBXFileReference; lastKnownFileType = folder.assetcatalog; path = Images.xcassets; sourceTree = "<group>"; };
		67CB91681A40CE710041DB26 /* KitchenBookTests.xctest */ = {isa = PBXFileReference; explicitFileType = wrapper.cfbundle; includeInIndex = 0; path = KitchenBookTests.xctest; sourceTree = BUILT_PRODUCTS_DIR; };
		67CB916D1A40CE710041DB26 /* Info.plist */ = {isa = PBXFileReference; lastKnownFileType = text.plist.xml; path = Info.plist; sourceTree = "<group>"; };
		67CB916E1A40CE710041DB26 /* MyKitchenBookTests.m */ = {isa = PBXFileReference; lastKnownFileType = sourcecode.c.objc; path = MyKitchenBookTests.m; sourceTree = "<group>"; };
/* End PBXFileReference section */

/* Begin PBXFrameworksBuildPhase section */
		67CB91491A40CE700041DB26 /* Frameworks */ = {
			isa = PBXFrameworksBuildPhase;
			buildActionMask = 2147483647;
			files = (
			);
			runOnlyForDeploymentPostprocessing = 0;
		};
		67CB91651A40CE710041DB26 /* Frameworks */ = {
			isa = PBXFrameworksBuildPhase;
			buildActionMask = 2147483647;
			files = (
			);
			runOnlyForDeploymentPostprocessing = 0;
		};
/* End PBXFrameworksBuildPhase section */

/* Begin PBXGroup section */
		67CB91431A40CE700041DB26 = {
			isa = PBXGroup;
			children = (
				67CB914E1A40CE700041DB26 /* MyKitchenBook */,
				67CB916B1A40CE710041DB26 /* MyKitchenBookTests */,
				67CB914D1A40CE700041DB26 /* Products */,
			);
			sourceTree = "<group>";
		};
		67CB914D1A40CE700041DB26 /* Products */ = {
			isa = PBXGroup;
			children = (
				67CB914C1A40CE700041DB26 /* KitchenBook.app */,
				67CB91681A40CE710041DB26 /* KitchenBookTests.xctest */,
			);
			name = Products;
			sourceTree = "<group>";
		};
		67CB914E1A40CE700041DB26 /* MyKitchenBook */ = {
			isa = PBXGroup;
			children = (
				67CB91531A40CE700041DB26 /* AppDelegate.h */,
				67CB91541A40CE710041DB26 /* AppDelegate.m */,
				67CB91591A40CE710041DB26 /* ViewController.h */,
				67CB915A1A40CE710041DB26 /* ViewController.m */,
				67CB915C1A40CE710041DB26 /* Main.storyboard */,
				67CB915F1A40CE710041DB26 /* Images.xcassets */,
				67CB91561A40CE710041DB26 /* MyKitchenBook.xcdatamodeld */,
				67CB914F1A40CE700041DB26 /* Supporting Files */,
			);
			path = MyKitchenBook;
			sourceTree = "<group>";
		};
		67CB914F1A40CE700041DB26 /* Supporting Files */ = {
			isa = PBXGroup;
			children = (
				67CB91501A40CE700041DB26 /* Info.plist */,
				67CB91511A40CE700041DB26 /* main.m */,
			);
			name = "Supporting Files";
			sourceTree = "<group>";
		};
		67CB916B1A40CE710041DB26 /* MyKitchenBookTests */ = {
			isa = PBXGroup;
			children = (
				67CB916E1A40CE710041DB26 /* MyKitchenBookTests.m */,
				67CB916C1A40CE710041DB26 /* Supporting Files */,
			);
			path = MyKitchenBookTests;
			sourceTree = "<group>";
		};
		67CB916C1A40CE710041DB26 /* Supporting Files */ = {
			isa = PBXGroup;
			children = (
				67CB916D1A40CE710041DB26 /* Info.plist */,
			);
			name = "Supporting Files";
			sourceTree = "<group>";
		};
/* End PBXGroup section */

/* Begin PBXNativeTarget section */
		67CB914B1A40CE700041DB26 /* KitchenBook */ = {
			isa = PBXNativeTarget;
			buildConfigurationList = 67CB91721A40CE710041DB26 /* Build configuration list for PBXNativeTarget "KitchenBook" */;
			buildPhases = (
				67CB91481A40CE700041DB26 /* Sources */,
				67CB91491A40CE700041DB26 /* Frameworks */,
				67CB914A1A40CE700041DB26 /* Resources */,
			);
			buildRules = (
			);
			dependencies = (
			);
			name = KitchenBook;
			productName = MyKitchenBook;
			productReference = 67CB914C1A40CE700041DB26 /* KitchenBook.app */;
			productType = "com.apple.product-type.application";
		};
		67CB91671A40CE710041DB26 /* KitchenBookTests */ = {
			isa = PBXNativeTarget;
			buildConfigurationList = 67CB91751A40CE710041DB26 /* Build configuration list for PBXNativeTarget "KitchenBookTests" */;
			buildPhases = (
				67CB91641A40CE710041DB26 /* Sources */,
				67CB91651A40CE710041DB26 /* Frameworks */,
				67CB91661A40CE710041DB26 /* Resources */,
			);
			buildRules = (
			);
			dependencies = (
				67CB916A1A40CE710041DB26 /* PBXTargetDependency */,
			);
			name = KitchenBookTests;
			productName = MyKitchenBookTests;
			productReference = 67CB91681A40CE710041DB26 /* KitchenBookTests.xctest */;
			productType = "com.apple.product-type.bundle.unit-test";
		};
/* End PBXNativeTarget section */

/* Begin PBXProject section */
		67CB91441A40CE700041DB26 /* Project object */ = {
			isa = PBXProject;
			attributes = {
				LastUpgradeCheck = 0610;
				ORGANIZATIONNAME = tibikolozsi;
				TargetAttributes = {
					67CB914B1A40CE700041DB26 = {
						CreatedOnToolsVersion = 6.1.1;
						DevelopmentTeam = 8248PFSJQF;
					};
					67CB91671A40CE710041DB26 = {
						CreatedOnToolsVersion = 6.1.1;
						TestTargetID = 67CB914B1A40CE700041DB26;
					};
				};
			};
			buildConfigurationList = 67CB91471A40CE700041DB26 /* Build configuration list for PBXProject "KitchenBook" */;
			compatibilityVersion = "Xcode 3.2";
			developmentRegion = English;
			hasScannedForEncodings = 0;
			knownRegions = (
				en,
				Base,
			);
			mainGroup = 67CB91431A40CE700041DB26;
			productRefGroup = 67CB914D1A40CE700041DB26 /* Products */;
			projectDirPath = "";
			projectRoot = "";
			targets = (
				67CB914B1A40CE700041DB26 /* KitchenBook */,
				67CB91671A40CE710041DB26 /* KitchenBookTests */,
			);
		};
/* End PBXProject section */

/* Begin PBXResourcesBuildPhase section */
		67CB914A1A40CE700041DB26 /* Resources */ = {
			isa = PBXResourcesBuildPhase;
			buildActionMask = 2147483647;
			files = (
				67CB915E1A40CE710041DB26 /* Main.storyboard in Resources */,
				67CB91601A40CE710041DB26 /* Images.xcassets in Resources */,
			);
			runOnlyForDeploymentPostprocessing = 0;
		};
		67CB91661A40CE710041DB26 /* Resources */ = {
			isa = PBXResourcesBuildPhase;
			buildActionMask = 2147483647;
			files = (
			);
			runOnlyForDeploymentPostprocessing = 0;
		};
/* End PBXResourcesBuildPhase section */

/* Begin PBXSourcesBuildPhase section */
		67CB91481A40CE700041DB26 /* Sources */ = {
			isa = PBXSourcesBuildPhase;
			buildActionMask = 2147483647;
			files = (
				67CB91551A40CE710041DB26 /* AppDelegate.m in Sources */,
				67CB91581A40CE710041DB26 /* MyKitchenBook.xcdatamodeld in Sources */,
				67CB915B1A40CE710041DB26 /* ViewController.m in Sources */,
				67CB91521A40CE700041DB26 /* main.m in Sources */,
			);
			runOnlyForDeploymentPostprocessing = 0;
		};
		67CB91641A40CE710041DB26 /* Sources */ = {
			isa = PBXSourcesBuildPhase;
			buildActionMask = 2147483647;
			files = (
				67CB916F1A40CE710041DB26 /* MyKitchenBookTests.m in Sources */,
			);
			runOnlyForDeploymentPostprocessing = 0;
		};
/* End PBXSourcesBuildPhase section */

/* Begin PBXTargetDependency section */
		67CB916A1A40CE710041DB26 /* PBXTargetDependency */ = {
			isa = PBXTargetDependency;
			target = 67CB914B1A40CE700041DB26 /* KitchenBook */;
			targetProxy = 67CB91691A40CE710041DB26 /* PBXContainerItemProxy */;
		};
/* End PBXTargetDependency section */

/* Begin PBXVariantGroup section */
		67CB915C1A40CE710041DB26 /* Main.storyboard */ = {
			isa = PBXVariantGroup;
			children = (
				67CB915D1A40CE710041DB26 /* Base */,
			);
			name = Main.storyboard;
			sourceTree = "<group>";
		};
/* End PBXVariantGroup section */

/* Begin XCBuildConfiguration section */
		67CB91701A40CE710041DB26 /* Debug */ = {
			isa = XCBuildConfiguration;
			buildSettings = {
				ALWAYS_SEARCH_USER_PATHS = NO;
				CLANG_CXX_LANGUAGE_STANDARD = "gnu++0x";
				CLANG_CXX_LIBRARY = "libc++";
				CLANG_ENABLE_MODULES = YES;
				CLANG_ENABLE_OBJC_ARC = YES;
				CLANG_WARN_BOOL_CONVERSION = YES;
				CLANG_WARN_CONSTANT_CONVERSION = YES;
				CLANG_WARN_DIRECT_OBJC_ISA_USAGE = YES_ERROR;
				CLANG_WARN_EMPTY_BODY = YES;
				CLANG_WARN_ENUM_CONVERSION = YES;
				CLANG_WARN_INT_CONVERSION = YES;
				CLANG_WARN_OBJC_ROOT_CLASS = YES_ERROR;
				CLANG_WARN_UNREACHABLE_CODE = YES;
				CLANG_WARN__DUPLICATE_METHOD_MATCH = YES;
				"CODE_SIGN_IDENTITY[sdk=iphoneos*]" = "iPhone Developer";
				COPY_PHASE_STRIP = NO;
				ENABLE_STRICT_OBJC_MSGSEND = YES;
				GCC_C_LANGUAGE_STANDARD = gnu99;
				GCC_DYNAMIC_NO_PIC = NO;
				GCC_OPTIMIZATION_LEVEL = 0;
				GCC_PREPROCESSOR_DEFINITIONS = (
					"DEBUG=1",
					"$(inherited)",
				);
				GCC_SYMBOLS_PRIVATE_EXTERN = NO;
				GCC_WARN_64_TO_32_BIT_CONVERSION = YES;
				GCC_WARN_ABOUT_RETURN_TYPE = YES_ERROR;
				GCC_WARN_UNDECLARED_SELECTOR = YES;
				GCC_WARN_UNINITIALIZED_AUTOS = YES_AGGRESSIVE;
				GCC_WARN_UNUSED_FUNCTION = YES;
				GCC_WARN_UNUSED_VARIABLE = YES;
				IPHONEOS_DEPLOYMENT_TARGET = 8.1;
				MTL_ENABLE_DEBUG_INFO = YES;
				ONLY_ACTIVE_ARCH = YES;
				SDKROOT = iphoneos;
			};
			name = Debug;
		};
		67CB91711A40CE710041DB26 /* Release */ = {
			isa = XCBuildConfiguration;
			buildSettings = {
				ALWAYS_SEARCH_USER_PATHS = NO;
				CLANG_CXX_LANGUAGE_STANDARD = "gnu++0x";
				CLANG_CXX_LIBRARY = "libc++";
				CLANG_ENABLE_MODULES = YES;
				CLANG_ENABLE_OBJC_ARC = YES;
				CLANG_WARN_BOOL_CONVERSION = YES;
				CLANG_WARN_CONSTANT_CONVERSION = YES;
				CLANG_WARN_DIRECT_OBJC_ISA_USAGE = YES_ERROR;
				CLANG_WARN_EMPTY_BODY = YES;
				CLANG_WARN_ENUM_CONVERSION = YES;
				CLANG_WARN_INT_CONVERSION = YES;
				CLANG_WARN_OBJC_ROOT_CLASS = YES_ERROR;
				CLANG_WARN_UNREACHABLE_CODE = YES;
				CLANG_WARN__DUPLICATE_METHOD_MATCH = YES;
				"CODE_SIGN_IDENTITY[sdk=iphoneos*]" = "iPhone Developer";
				COPY_PHASE_STRIP = YES;
				ENABLE_NS_ASSERTIONS = NO;
				ENABLE_STRICT_OBJC_MSGSEND = YES;
				GCC_C_LANGUAGE_STANDARD = gnu99;
				GCC_WARN_64_TO_32_BIT_CONVERSION = YES;
				GCC_WARN_ABOUT_RETURN_TYPE = YES_ERROR;
				GCC_WARN_UNDECLARED_SELECTOR = YES;
				GCC_WARN_UNINITIALIZED_AUTOS = YES_AGGRESSIVE;
				GCC_WARN_UNUSED_FUNCTION = YES;
				GCC_WARN_UNUSED_VARIABLE = YES;
				IPHONEOS_DEPLOYMENT_TARGET = 8.1;
				MTL_ENABLE_DEBUG_INFO = NO;
				SDKROOT = iphoneos;
				VALIDATE_PRODUCT = YES;
			};
			name = Release;
		};
		67CB91731A40CE710041DB26 /* Debug */ = {
			isa = XCBuildConfiguration;
			buildSettings = {
				ASSETCATALOG_COMPILER_APPICON_NAME = AppIcon;
				ASSETCATALOG_COMPILER_LAUNCHIMAGE_NAME = LaunchImage;
				INFOPLIST_FILE = MyKitchenBook/Info.plist;
				IPHONEOS_DEPLOYMENT_TARGET = 7.0;
				LD_RUNPATH_SEARCH_PATHS = "$(inherited) @executable_path/Frameworks";
				PRODUCT_NAME = KitchenBook;
			};
			name = Debug;
		};
		67CB91741A40CE710041DB26 /* Release */ = {
			isa = XCBuildConfiguration;
			buildSettings = {
				ASSETCATALOG_COMPILER_APPICON_NAME = AppIcon;
				ASSETCATALOG_COMPILER_LAUNCHIMAGE_NAME = LaunchImage;
				INFOPLIST_FILE = MyKitchenBook/Info.plist;
				IPHONEOS_DEPLOYMENT_TARGET = 7.0;
				LD_RUNPATH_SEARCH_PATHS = "$(inherited) @executable_path/Frameworks";
				PRODUCT_NAME = KitchenBook;
			};
			name = Release;
		};
		67CB91761A40CE710041DB26 /* Debug */ = {
			isa = XCBuildConfiguration;
			buildSettings = {
				BUNDLE_LOADER = "$(TEST_HOST)";
				FRAMEWORK_SEARCH_PATHS = (
					"$(SDKROOT)/Developer/Library/Frameworks",
					"$(inherited)",
				);
				GCC_PREPROCESSOR_DEFINITIONS = (
					"DEBUG=1",
					"$(inherited)",
				);
				INFOPLIST_FILE = MyKitchenBookTests/Info.plist;
				LD_RUNPATH_SEARCH_PATHS = "$(inherited) @executable_path/Frameworks @loader_path/Frameworks";
				PRODUCT_NAME = KitchenBookTests;
				TEST_HOST = "$(BUILT_PRODUCTS_DIR)/KitchenBook.app/KitchenBook";
			};
			name = Debug;
		};
		67CB91771A40CE710041DB26 /* Release */ = {
			isa = XCBuildConfiguration;
			buildSettings = {
				BUNDLE_LOADER = "$(TEST_HOST)";
				FRAMEWORK_SEARCH_PATHS = (
					"$(SDKROOT)/Developer/Library/Frameworks",
					"$(inherited)",
				);
				INFOPLIST_FILE = MyKitchenBookTests/Info.plist;
				LD_RUNPATH_SEARCH_PATHS = "$(inherited) @executable_path/Frameworks @loader_path/Frameworks";
				PRODUCT_NAME = KitchenBookTests;
				TEST_HOST = "$(BUILT_PRODUCTS_DIR)/KitchenBook.app/KitchenBook";
			};
			name = Release;
		};
/* End XCBuildConfiguration section */

/* Begin XCConfigurationList section */
		67CB91471A40CE700041DB26 /* Build configuration list for PBXProject "KitchenBook" */ = {
			isa = XCConfigurationList;
			buildConfigurations = (
				67CB91701A40CE710041DB26 /* Debug */,
				67CB91711A40CE710041DB26 /* Release */,
			);
			defaultConfigurationIsVisible = 0;
			defaultConfigurationName = Release;
		};
		67CB91721A40CE710041DB26 /* Build configuration list for PBXNativeTarget "KitchenBook" */ = {
			isa = XCConfigurationList;
			buildConfigurations = (
				67CB91731A40CE710041DB26 /* Debug */,
				67CB91741A40CE710041DB26 /* Release */,
			);
			defaultConfigurationIsVisible = 0;
			defaultConfigurationName = Release;
		};
		67CB91751A40CE710041DB26 /* Build configuration list for PBXNativeTarget "KitchenBookTests" */ = {
			isa = XCConfigurationList;
			buildConfigurations = (
				67CB91761A40CE710041DB26 /* Debug */,
				67CB91771A40CE710041DB26 /* Release */,
			);
			defaultConfigurationIsVisible = 0;
			defaultConfigurationName = Release;
		};
/* End XCConfigurationList section */

/* Begin XCVersionGroup section */
		67CB91561A40CE710041DB26 /* MyKitchenBook.xcdatamodeld */ = {
			isa = XCVersionGroup;
			children = (
				67CB91571A40CE710041DB26 /* MyKitchenBook.xcdatamodel */,
			);
			currentVersion = 67CB91571A40CE710041DB26 /* MyKitchenBook.xcdatamodel */;
			path = MyKitchenBook.xcdatamodeld;
			sourceTree = "<group>";
			versionGroupType = wrapper.xcdatamodel;
		};
/* End XCVersionGroup section */
	};
	rootObject = 67CB91441A40CE700041DB26 /* Project object */;
}
